
Microsoft Visual Studio Solution File, Format Version 12.00
# Visual Studio Version 16
VisualStudioVersion = 16.0.31515.178
MinimumVisualStudioVersion = 10.0.40219.1
Project("{FAE04EC0-301F-11D3-BF4B-00C04F79EFBC}") = "KittyApp", "KittyApp\KittyApp.csproj", "{1B19087A-C7F3-4D61-91B3-15C39AB9E165}"
EndProject
Global
	GlobalSection(SolutionConfigurationPlatforms) = preSolution
		Debug|Any CPU = Debug|Any CPU
		Release|Any CPU = Release|Any CPU
	EndGlobalSection
	GlobalSection(ProjectConfigurationPlatforms) = postSolution
		{1B19087A-C7F3-4D61-91B3-15C39AB9E165}.Debug|Any CPU.ActiveCfg = Debug|Any CPU
		{1B19087A-C7F3-4D61-91B3-15C39AB9E165}.Debug|Any CPU.Build.0 = Debug|Any CPU
		{1B19087A-C7F3-4D61-91B3-15C39AB9E165}.Release|Any CPU.ActiveCfg = Release|Any CPU
		{1B19087A-C7F3-4D61-91B3-15C39AB9E165}.Release|Any CPU.Build.0 = Release|Any CPU
	EndGlobalSection
	GlobalSection(SolutionProperties) = preSolution
		HideSolutionNode = FALSE
	EndGlobalSection
	GlobalSection(ExtensibilityGlobals) = postSolution
		SolutionGuid = {134D0152-0F7E-42CD-B319-0C84E5A2D3D7}
	EndGlobalSection
EndGlobal
